
Microsoft Visual Studio Solution File, Format Version 12.00
# Visual Studio Version 17
VisualStudioVersion = 17.3.32922.545
MinimumVisualStudioVersion = 10.0.40219.1
Project("{FAE04EC0-301F-11D3-BF4B-00C04F79EFBC}") = "AdmixerTest", "AdmixerTest\AdmixerTest.csproj", "{00B4F41F-7313-4B86-BC3F-1AD3BF864649}"
EndProject
Global
	GlobalSection(SolutionConfigurationPlatforms) = preSolution
		Debug|Any CPU = Debug|Any CPU
		Release|Any CPU = Release|Any CPU
	EndGlobalSection
	GlobalSection(ProjectConfigurationPlatforms) = postSolution
		{00B4F41F-7313-4B86-BC3F-1AD3BF864649}.Debug|Any CPU.ActiveCfg = Debug|Any CPU
		{00B4F41F-7313-4B86-BC3F-1AD3BF864649}.Debug|Any CPU.Build.0 = Debug|Any CPU
		{00B4F41F-7313-4B86-BC3F-1AD3BF864649}.Release|Any CPU.ActiveCfg = Release|Any CPU
		{00B4F41F-7313-4B86-BC3F-1AD3BF864649}.Release|Any CPU.Build.0 = Release|Any CPU
	EndGlobalSection
	GlobalSection(SolutionProperties) = preSolution
		HideSolutionNode = FALSE
	EndGlobalSection
	GlobalSection(ExtensibilityGlobals) = postSolution
		SolutionGuid = {4FC86467-D999-4383-8AD1-D7EE8E0EDFA5}
	EndGlobalSection
EndGlobal
